
Microsoft Visual Studio Solution File, Format Version 12.00
# Visual Studio 15
VisualStudioVersion = 15.0.27703.2026
MinimumVisualStudioVersion = 10.0.40219.1
Project("{FAE04EC0-301F-11D3-BF4B-00C04F79EFBC}") = "Potrosac", "Potrosac\Potrosac.csproj", "{8BE7BC4C-7D2B-45E6-BB8F-6680FB7BFED2}"
EndProject
Project("{FAE04EC0-301F-11D3-BF4B-00C04F79EFBC}") = "SolarniPanel", "SolarniPanel\SolarniPanel.csproj", "{E42E49D9-2D3B-4377-AF81-F357F8820069}"
EndProject
Project("{FAE04EC0-301F-11D3-BF4B-00C04F79EFBC}") = "Baterija", "Baterija\Baterija.csproj", "{DF3A052A-D6E1-40FF-875E-B481BD72F4AE}"
EndProject
Project("{FAE04EC0-301F-11D3-BF4B-00C04F79EFBC}") = "Elektrodistribucija", "Elektrodistribucija\Elektrodistribucija.csproj", "{BA7F40E1-38AE-42D5-8125-1194A8CF6FCB}"
EndProject
Project("{FAE04EC0-301F-11D3-BF4B-00C04F79EFBC}") = "EVPunjac", "EVPunjac\EVPunjac.csproj", "{5DA7210A-DB53-449B-9097-9D0A11DE7E01}"
EndProject
Project("{FAE04EC0-301F-11D3-BF4B-00C04F79EFBC}") = "SHES", "SHES\SHES.csproj", "{1EB84DD5-C008-43C0-B157-9E17EBEF9E08}"
EndProject
Project("{FAE04EC0-301F-11D3-BF4B-00C04F79EFBC}") = "Common", "Common\Common.csproj", "{BC7AA7F0-F80C-4D70-8171-4B6B51978DB3}"
EndProject
Project("{FAE04EC0-301F-11D3-BF4B-00C04F79EFBC}") = "EVPunjacTest", "EVPunjacTest\EVPunjacTest.csproj", "{B5DD49E9-4E99-4F9A-A794-1759707C4A49}"
EndProject
Project("{FAE04EC0-301F-11D3-BF4B-00C04F79EFBC}") = "BaterijaTest", "BaterijaTest\BaterijaTest.csproj", "{CFA5A6FE-6810-40B1-8D52-C6FAC70E42E3}"
EndProject
Project("{FAE04EC0-301F-11D3-BF4B-00C04F79EFBC}") = "PotrosacTest", "PotrosacTest\PotrosacTest.csproj", "{96689581-922F-40ED-B628-41298395EE3C}"
EndProject
Project("{FAE04EC0-301F-11D3-BF4B-00C04F79EFBC}") = "SolarniPanelTest", "SolarniPanelTest\SolarniPanelTest.csproj", "{8C1D0540-02B3-40C6-8FC6-2DFBF757F1DA}"
EndProject
Global
	GlobalSection(SolutionConfigurationPlatforms) = preSolution
		Debug|Any CPU = Debug|Any CPU
		Release|Any CPU = Release|Any CPU
	EndGlobalSection
	GlobalSection(ProjectConfigurationPlatforms) = postSolution
		{8BE7BC4C-7D2B-45E6-BB8F-6680FB7BFED2}.Debug|Any CPU.ActiveCfg = Debug|Any CPU
		{8BE7BC4C-7D2B-45E6-BB8F-6680FB7BFED2}.Debug|Any CPU.Build.0 = Debug|Any CPU
		{8BE7BC4C-7D2B-45E6-BB8F-6680FB7BFED2}.Release|Any CPU.ActiveCfg = Release|Any CPU
		{8BE7BC4C-7D2B-45E6-BB8F-6680FB7BFED2}.Release|Any CPU.Build.0 = Release|Any CPU
		{E42E49D9-2D3B-4377-AF81-F357F8820069}.Debug|Any CPU.ActiveCfg = Debug|Any CPU
		{E42E49D9-2D3B-4377-AF81-F357F8820069}.Debug|Any CPU.Build.0 = Debug|Any CPU
		{E42E49D9-2D3B-4377-AF81-F357F8820069}.Release|Any CPU.ActiveCfg = Release|Any CPU
		{E42E49D9-2D3B-4377-AF81-F357F8820069}.Release|Any CPU.Build.0 = Release|Any CPU
		{DF3A052A-D6E1-40FF-875E-B481BD72F4AE}.Debug|Any CPU.ActiveCfg = Debug|Any CPU
		{DF3A052A-D6E1-40FF-875E-B481BD72F4AE}.Debug|Any CPU.Build.0 = Debug|Any CPU
		{DF3A052A-D6E1-40FF-875E-B481BD72F4AE}.Release|Any CPU.ActiveCfg = Release|Any CPU
		{DF3A052A-D6E1-40FF-875E-B481BD72F4AE}.Release|Any CPU.Build.0 = Release|Any CPU
		{BA7F40E1-38AE-42D5-8125-1194A8CF6FCB}.Debug|Any CPU.ActiveCfg = Debug|Any CPU
		{BA7F40E1-38AE-42D5-8125-1194A8CF6FCB}.Debug|Any CPU.Build.0 = Debug|Any CPU
		{BA7F40E1-38AE-42D5-8125-1194A8CF6FCB}.Release|Any CPU.ActiveCfg = Release|Any CPU
		{BA7F40E1-38AE-42D5-8125-1194A8CF6FCB}.Release|Any CPU.Build.0 = Release|Any CPU
		{5DA7210A-DB53-449B-9097-9D0A11DE7E01}.Debug|Any CPU.ActiveCfg = Debug|Any CPU
		{5DA7210A-DB53-449B-9097-9D0A11DE7E01}.Debug|Any CPU.Build.0 = Debug|Any CPU
		{5DA7210A-DB53-449B-9097-9D0A11DE7E01}.Release|Any CPU.ActiveCfg = Release|Any CPU
		{5DA7210A-DB53-449B-9097-9D0A11DE7E01}.Release|Any CPU.Build.0 = Release|Any CPU
		{1EB84DD5-C008-43C0-B157-9E17EBEF9E08}.Debug|Any CPU.ActiveCfg = Debug|Any CPU
		{1EB84DD5-C008-43C0-B157-9E17EBEF9E08}.Debug|Any CPU.Build.0 = Debug|Any CPU
		{1EB84DD5-C008-43C0-B157-9E17EBEF9E08}.Release|Any CPU.ActiveCfg = Release|Any CPU
		{1EB84DD5-C008-43C0-B157-9E17EBEF9E08}.Release|Any CPU.Build.0 = Release|Any CPU
		{BC7AA7F0-F80C-4D70-8171-4B6B51978DB3}.Debug|Any CPU.ActiveCfg = Debug|Any CPU
		{BC7AA7F0-F80C-4D70-8171-4B6B51978DB3}.Debug|Any CPU.Build.0 = Debug|Any CPU
		{BC7AA7F0-F80C-4D70-8171-4B6B51978DB3}.Release|Any CPU.ActiveCfg = Release|Any CPU
		{BC7AA7F0-F80C-4D70-8171-4B6B51978DB3}.Release|Any CPU.Build.0 = Release|Any CPU
		{B5DD49E9-4E99-4F9A-A794-1759707C4A49}.Debug|Any CPU.ActiveCfg = Debug|Any CPU
		{B5DD49E9-4E99-4F9A-A794-1759707C4A49}.Debug|Any CPU.Build.0 = Debug|Any CPU
		{B5DD49E9-4E99-4F9A-A794-1759707C4A49}.Release|Any CPU.ActiveCfg = Release|Any CPU
		{B5DD49E9-4E99-4F9A-A794-1759707C4A49}.Release|Any CPU.Build.0 = Release|Any CPU
		{CFA5A6FE-6810-40B1-8D52-C6FAC70E42E3}.Debug|Any CPU.ActiveCfg = Debug|Any CPU
		{CFA5A6FE-6810-40B1-8D52-C6FAC70E42E3}.Debug|Any CPU.Build.0 = Debug|Any CPU
		{CFA5A6FE-6810-40B1-8D52-C6FAC70E42E3}.Release|Any CPU.ActiveCfg = Release|Any CPU
		{CFA5A6FE-6810-40B1-8D52-C6FAC70E42E3}.Release|Any CPU.Build.0 = Release|Any CPU
		{96689581-922F-40ED-B628-41298395EE3C}.Debug|Any CPU.ActiveCfg = Debug|Any CPU
		{96689581-922F-40ED-B628-41298395EE3C}.Debug|Any CPU.Build.0 = Debug|Any CPU
		{96689581-922F-40ED-B628-41298395EE3C}.Release|Any CPU.ActiveCfg = Release|Any CPU
		{96689581-922F-40ED-B628-41298395EE3C}.Release|Any CPU.Build.0 = Release|Any CPU
		{8C1D0540-02B3-40C6-8FC6-2DFBF757F1DA}.Debug|Any CPU.ActiveCfg = Debug|Any CPU
		{8C1D0540-02B3-40C6-8FC6-2DFBF757F1DA}.Debug|Any CPU.Build.0 = Debug|Any CPU
		{8C1D0540-02B3-40C6-8FC6-2DFBF757F1DA}.Release|Any CPU.ActiveCfg = Release|Any CPU
		{8C1D0540-02B3-40C6-8FC6-2DFBF757F1DA}.Release|Any CPU.Build.0 = Release|Any CPU
	EndGlobalSection
	GlobalSection(SolutionProperties) = preSolution
		HideSolutionNode = FALSE
	EndGlobalSection
	GlobalSection(ExtensibilityGlobals) = postSolution
		SolutionGuid = {A5B1E80D-82D2-4E41-8336-F178B760B20F}
	EndGlobalSection
EndGlobal
